
Microsoft Visual Studio Solution File, Format Version 12.00
# Visual Studio Version 17
VisualStudioVersion = 17.1.32414.318
MinimumVisualStudioVersion = 10.0.40219.1
Project("{9A19103F-16F7-4668-BE54-9A1E7A4F7556}") = "Talks.C2DF.Models", "src\Talks.C2DF.Models\Talks.C2DF.Models.csproj", "{D4CA43AF-5E42-4F35-93CC-F8D26BC3FB7F}"
EndProject
Project("{9A19103F-16F7-4668-BE54-9A1E7A4F7556}") = "Talks.C2DF.ConsoleApp", "src\Talks.C2DF.ConsoleApp\Talks.C2DF.ConsoleApp.csproj", "{6F821623-18A6-4CCE-840B-9786C4298FB5}"
EndProject
Project("{9A19103F-16F7-4668-BE54-9A1E7A4F7556}") = "Talks.C2DF.NotSoSuperLib", "src\Talks.C2DF.NotSoSuperLib\Talks.C2DF.NotSoSuperLib.csproj", "{C0B2F9CE-0F7B-41B6-850A-02B5C5F0DCA9}"
EndProject
Project("{9A19103F-16F7-4668-BE54-9A1E7A4F7556}") = "Talks.C2DF.ExternalLoggingLib", "src\Talks.C2DF.ExternalLoggingLib\Talks.C2DF.ExternalLoggingLib.csproj", "{95AC0B01-5D1B-40E0-AC5C-882A7A17715B}"
EndProject
Project("{9A19103F-16F7-4668-BE54-9A1E7A4F7556}") = "Talks.C2DF.BetterApp", "src\Talks.C2DF.BetterApp\Talks.C2DF.BetterApp.csproj", "{556D6753-E486-4012-96C1-F54D23AB89C3}"
EndProject
Project("{9A19103F-16F7-4668-BE54-9A1E7A4F7556}") = "Talks.C2DF.BetterAppLib", "src\Talks.C2DF.BetterAppLib\Talks.C2DF.BetterAppLib.csproj", "{24C392F1-260E-4CD6-880A-7F7B4D1E7777}"
EndProject
Project("{9A19103F-16F7-4668-BE54-9A1E7A4F7556}") = "Talks.C2DF.Interfaces", "src\Talks.C2DF.Interfaces\Talks.C2DF.Interfaces.csproj", "{8F77AB5B-CFB3-483D-BC61-B0352C7F58EE}"
EndProject
Project("{2150E333-8FDC-42A3-9474-1A3956D46DE8}") = "Libs", "Libs", "{484EBA83-4A19-482F-99DC-6E54875C6251}"
EndProject
Project("{9A19103F-16F7-4668-BE54-9A1E7A4F7556}") = "Talks.C2DF.Tests", "src\Talks.C2DF.Tests\Talks.C2DF.Tests.csproj", "{49ADC828-C09C-449D-A17A-43AA1B64319F}"
EndProject
Project("{9A19103F-16F7-4668-BE54-9A1E7A4F7556}") = "Talks.C2DF.WebCORE.OLD", "src\Talks.C2DF.WebCORE.old\Talks.C2DF.WebCORE.OLD.csproj", "{9A7B6D04-8287-42E3-9A74-60CAED61C1B9}"
EndProject
Project("{9A19103F-16F7-4668-BE54-9A1E7A4F7556}") = "Talks.C2DF.WebCORE", "src\Talks.C2DF.WebCORE\Talks.C2DF.WebCORE.csproj", "{3B009E5F-3DF8-41F2-A80F-5C1E1C9C38D6}"
EndProject
Global
	GlobalSection(SolutionConfigurationPlatforms) = preSolution
		Debug|Any CPU = Debug|Any CPU
		Release|Any CPU = Release|Any CPU
	EndGlobalSection
	GlobalSection(ProjectConfigurationPlatforms) = postSolution
		{D4CA43AF-5E42-4F35-93CC-F8D26BC3FB7F}.Debug|Any CPU.ActiveCfg = Debug|Any CPU
		{D4CA43AF-5E42-4F35-93CC-F8D26BC3FB7F}.Debug|Any CPU.Build.0 = Debug|Any CPU
		{D4CA43AF-5E42-4F35-93CC-F8D26BC3FB7F}.Release|Any CPU.ActiveCfg = Release|Any CPU
		{D4CA43AF-5E42-4F35-93CC-F8D26BC3FB7F}.Release|Any CPU.Build.0 = Release|Any CPU
		{6F821623-18A6-4CCE-840B-9786C4298FB5}.Debug|Any CPU.ActiveCfg = Debug|Any CPU
		{6F821623-18A6-4CCE-840B-9786C4298FB5}.Debug|Any CPU.Build.0 = Debug|Any CPU
		{6F821623-18A6-4CCE-840B-9786C4298FB5}.Release|Any CPU.ActiveCfg = Release|Any CPU
		{6F821623-18A6-4CCE-840B-9786C4298FB5}.Release|Any CPU.Build.0 = Release|Any CPU
		{C0B2F9CE-0F7B-41B6-850A-02B5C5F0DCA9}.Debug|Any CPU.ActiveCfg = Debug|Any CPU
		{C0B2F9CE-0F7B-41B6-850A-02B5C5F0DCA9}.Debug|Any CPU.Build.0 = Debug|Any CPU
		{C0B2F9CE-0F7B-41B6-850A-02B5C5F0DCA9}.Release|Any CPU.ActiveCfg = Release|Any CPU
		{C0B2F9CE-0F7B-41B6-850A-02B5C5F0DCA9}.Release|Any CPU.Build.0 = Release|Any CPU
		{95AC0B01-5D1B-40E0-AC5C-882A7A17715B}.Debug|Any CPU.ActiveCfg = Debug|Any CPU
		{95AC0B01-5D1B-40E0-AC5C-882A7A17715B}.Debug|Any CPU.Build.0 = Debug|Any CPU
		{95AC0B01-5D1B-40E0-AC5C-882A7A17715B}.Release|Any CPU.ActiveCfg = Release|Any CPU
		{95AC0B01-5D1B-40E0-AC5C-882A7A17715B}.Release|Any CPU.Build.0 = Release|Any CPU
		{556D6753-E486-4012-96C1-F54D23AB89C3}.Debug|Any CPU.ActiveCfg = Debug|Any CPU
		{556D6753-E486-4012-96C1-F54D23AB89C3}.Debug|Any CPU.Build.0 = Debug|Any CPU
		{556D6753-E486-4012-96C1-F54D23AB89C3}.Release|Any CPU.ActiveCfg = Release|Any CPU
		{556D6753-E486-4012-96C1-F54D23AB89C3}.Release|Any CPU.Build.0 = Release|Any CPU
		{24C392F1-260E-4CD6-880A-7F7B4D1E7777}.Debug|Any CPU.ActiveCfg = Debug|Any CPU
		{24C392F1-260E-4CD6-880A-7F7B4D1E7777}.Debug|Any CPU.Build.0 = Debug|Any CPU
		{24C392F1-260E-4CD6-880A-7F7B4D1E7777}.Release|Any CPU.ActiveCfg = Release|Any CPU
		{24C392F1-260E-4CD6-880A-7F7B4D1E7777}.Release|Any CPU.Build.0 = Release|Any CPU
		{8F77AB5B-CFB3-483D-BC61-B0352C7F58EE}.Debug|Any CPU.ActiveCfg = Debug|Any CPU
		{8F77AB5B-CFB3-483D-BC61-B0352C7F58EE}.Debug|Any CPU.Build.0 = Debug|Any CPU
		{8F77AB5B-CFB3-483D-BC61-B0352C7F58EE}.Release|Any CPU.ActiveCfg = Release|Any CPU
		{8F77AB5B-CFB3-483D-BC61-B0352C7F58EE}.Release|Any CPU.Build.0 = Release|Any CPU
		{49ADC828-C09C-449D-A17A-43AA1B64319F}.Debug|Any CPU.ActiveCfg = Debug|Any CPU
		{49ADC828-C09C-449D-A17A-43AA1B64319F}.Debug|Any CPU.Build.0 = Debug|Any CPU
		{49ADC828-C09C-449D-A17A-43AA1B64319F}.Release|Any CPU.ActiveCfg = Release|Any CPU
		{49ADC828-C09C-449D-A17A-43AA1B64319F}.Release|Any CPU.Build.0 = Release|Any CPU
		{9A7B6D04-8287-42E3-9A74-60CAED61C1B9}.Debug|Any CPU.ActiveCfg = Debug|Any CPU
		{9A7B6D04-8287-42E3-9A74-60CAED61C1B9}.Debug|Any CPU.Build.0 = Debug|Any CPU
		{9A7B6D04-8287-42E3-9A74-60CAED61C1B9}.Release|Any CPU.ActiveCfg = Release|Any CPU
		{9A7B6D04-8287-42E3-9A74-60CAED61C1B9}.Release|Any CPU.Build.0 = Release|Any CPU
		{3B009E5F-3DF8-41F2-A80F-5C1E1C9C38D6}.Debug|Any CPU.ActiveCfg = Debug|Any CPU
		{3B009E5F-3DF8-41F2-A80F-5C1E1C9C38D6}.Debug|Any CPU.Build.0 = Debug|Any CPU
		{3B009E5F-3DF8-41F2-A80F-5C1E1C9C38D6}.Release|Any CPU.ActiveCfg = Release|Any CPU
		{3B009E5F-3DF8-41F2-A80F-5C1E1C9C38D6}.Release|Any CPU.Build.0 = Release|Any CPU
	EndGlobalSection
	GlobalSection(SolutionProperties) = preSolution
		HideSolutionNode = FALSE
	EndGlobalSection
	GlobalSection(NestedProjects) = preSolution
		{D4CA43AF-5E42-4F35-93CC-F8D26BC3FB7F} = {484EBA83-4A19-482F-99DC-6E54875C6251}
		{95AC0B01-5D1B-40E0-AC5C-882A7A17715B} = {484EBA83-4A19-482F-99DC-6E54875C6251}
		{24C392F1-260E-4CD6-880A-7F7B4D1E7777} = {484EBA83-4A19-482F-99DC-6E54875C6251}
		{8F77AB5B-CFB3-483D-BC61-B0352C7F58EE} = {484EBA83-4A19-482F-99DC-6E54875C6251}
	EndGlobalSection
	GlobalSection(ExtensibilityGlobals) = postSolution
		SolutionGuid = {1B55F4FE-9E00-417D-8693-C692658DCFEF}
	EndGlobalSection
EndGlobal
